
Microsoft Visual Studio Solution File, Format Version 12.00
# Visual Studio Version 17
VisualStudioVersion = 17.5.33627.172
MinimumVisualStudioVersion = 10.0.40219.1
Project("{9A19103F-16F7-4668-BE54-9A1E7A4F7556}") = "LearnWithPride", "LearnWithPride\LearnWithPride.csproj", "{4C90541B-3D38-4287-99E9-22146B8BAD1E}"
EndProject
Global
	GlobalSection(SolutionConfigurationPlatforms) = preSolution
		Debug|Any CPU = Debug|Any CPU
		Release|Any CPU = Release|Any CPU
	EndGlobalSection
	GlobalSection(ProjectConfigurationPlatforms) = postSolution
		{4C90541B-3D38-4287-99E9-22146B8BAD1E}.Debug|Any CPU.ActiveCfg = Debug|Any CPU
		{4C90541B-3D38-4287-99E9-22146B8BAD1E}.Debug|Any CPU.Build.0 = Debug|Any CPU
		{4C90541B-3D38-4287-99E9-22146B8BAD1E}.Release|Any CPU.ActiveCfg = Release|Any CPU
		{4C90541B-3D38-4287-99E9-22146B8BAD1E}.Release|Any CPU.Build.0 = Release|Any CPU
	EndGlobalSection
	GlobalSection(SolutionProperties) = preSolution
		HideSolutionNode = FALSE
	EndGlobalSection
	GlobalSection(ExtensibilityGlobals) = postSolution
		SolutionGuid = {A96416E5-BD6E-4FFB-A4A0-9EC916890A9B}
	EndGlobalSection
EndGlobal
